// !$*UTF8*$!
{
	archiveVersion = 1;
	classes = {
	};
	objectVersion = 55;
	objects = {

/* Begin PBXBuildFile section */
		FA69C68D27E63ECF00608578 /* GoogleService-Info.plist in Resources */ = {isa = PBXBuildFile; fileRef = FA69C68C27E63ECF00608578 /* GoogleService-Info.plist */; };
		FAD0AEDB27E4B35A0093E110 /* AppDelegate.swift in Sources */ = {isa = PBXBuildFile; fileRef = FAD0AEDA27E4B35A0093E110 /* AppDelegate.swift */; };
		FAD0AEDD27E4B35A0093E110 /* SceneDelegate.swift in Sources */ = {isa = PBXBuildFile; fileRef = FAD0AEDC27E4B35A0093E110 /* SceneDelegate.swift */; };
		FAD0AEE227E4B35A0093E110 /* Main.storyboard in Resources */ = {isa = PBXBuildFile; fileRef = FAD0AEE027E4B35A0093E110 /* Main.storyboard */; };
		FAD0AEE427E4B3600093E110 /* Assets.xcassets in Resources */ = {isa = PBXBuildFile; fileRef = FAD0AEE327E4B3600093E110 /* Assets.xcassets */; };
		FAD0AEE727E4B3600093E110 /* LaunchScreen.storyboard in Resources */ = {isa = PBXBuildFile; fileRef = FAD0AEE527E4B3600093E110 /* LaunchScreen.storyboard */; };
		FAD0AEEF27E4CAE00093E110 /* TaskViewController.swift in Sources */ = {isa = PBXBuildFile; fileRef = FAD0AEEE27E4CAE00093E110 /* TaskViewController.swift */; };
		FAD0AEF327E4D6F10093E110 /* TodoCell.swift in Sources */ = {isa = PBXBuildFile; fileRef = FAD0AEF227E4D6F10093E110 /* TodoCell.swift */; };
		FAD0AEF927E4E21C0093E110 /* Extentions.swift in Sources */ = {isa = PBXBuildFile; fileRef = FAD0AEF827E4E21C0093E110 /* Extentions.swift */; };
		FAD0AEFB27E515F00093E110 /* CreateTaskController.swift in Sources */ = {isa = PBXBuildFile; fileRef = FAD0AEFA27E515F00093E110 /* CreateTaskController.swift */; };
		FAD0AEFE27E59FAE0093E110 /* PostServise.swift in Sources */ = {isa = PBXBuildFile; fileRef = FAD0AEFD27E59FAE0093E110 /* PostServise.swift */; };
		FD189DC3AED34ABC4D7E21C9 /* Pods_Todo_list_with_Firebase.framework in Frameworks */ = {isa = PBXBuildFile; fileRef = 901AEB12565A6228B5FC69C4 /* Pods_Todo_list_with_Firebase.framework */; };
/* End PBXBuildFile section */

/* Begin PBXFileReference section */
		8ED8CF3B03453B8BEDA9206D /* Pods-Todo list with Firebase.debug.xcconfig */ = {isa = PBXFileReference; includeInIndex = 1; lastKnownFileType = text.xcconfig; name = "Pods-Todo list with Firebase.debug.xcconfig"; path = "Target Support Files/Pods-Todo list with Firebase/Pods-Todo list with Firebase.debug.xcconfig"; sourceTree = "<group>"; };
		901AEB12565A6228B5FC69C4 /* Pods_Todo_list_with_Firebase.framework */ = {isa = PBXFileReference; explicitFileType = wrapper.framework; includeInIndex = 0; path = Pods_Todo_list_with_Firebase.framework; sourceTree = BUILT_PRODUCTS_DIR; };
		CFB6207F8C180E79BAD73C22 /* Pods-Todo list with Firebase.release.xcconfig */ = {isa = PBXFileReference; includeInIndex = 1; lastKnownFileType = text.xcconfig; name = "Pods-Todo list with Firebase.release.xcconfig"; path = "Target Support Files/Pods-Todo list with Firebase/Pods-Todo list with Firebase.release.xcconfig"; sourceTree = "<group>"; };
		FA69C68C27E63ECF00608578 /* GoogleService-Info.plist */ = {isa = PBXFileReference; fileEncoding = 4; lastKnownFileType = text.plist.xml; path = "GoogleService-Info.plist"; sourceTree = "<group>"; };
		FAD0AED727E4B35A0093E110 /* Todo list with Firebase.app */ = {isa = PBXFileReference; explicitFileType = wrapper.application; includeInIndex = 0; path = "Todo list with Firebase.app"; sourceTree = BUILT_PRODUCTS_DIR; };
		FAD0AEDA27E4B35A0093E110 /* AppDelegate.swift */ = {isa = PBXFileReference; lastKnownFileType = sourcecode.swift; path = AppDelegate.swift; sourceTree = "<group>"; };
		FAD0AEDC27E4B35A0093E110 /* SceneDelegate.swift */ = {isa = PBXFileReference; lastKnownFileType = sourcecode.swift; path = SceneDelegate.swift; sourceTree = "<group>"; };
		FAD0AEE127E4B35A0093E110 /* Base */ = {isa = PBXFileReference; lastKnownFileType = file.storyboard; name = Base; path = Base.lproj/Main.storyboard; sourceTree = "<group>"; };
		FAD0AEE327E4B3600093E110 /* Assets.xcassets */ = {isa = PBXFileReference; lastKnownFileType = folder.assetcatalog; path = Assets.xcassets; sourceTree = "<group>"; };
		FAD0AEE627E4B3600093E110 /* Base */ = {isa = PBXFileReference; lastKnownFileType = file.storyboard; name = Base; path = Base.lproj/LaunchScreen.storyboard; sourceTree = "<group>"; };
		FAD0AEE827E4B3600093E110 /* Info.plist */ = {isa = PBXFileReference; lastKnownFileType = text.plist.xml; path = Info.plist; sourceTree = "<group>"; };
		FAD0AEEE27E4CAE00093E110 /* TaskViewController.swift */ = {isa = PBXFileReference; lastKnownFileType = sourcecode.swift; path = TaskViewController.swift; sourceTree = "<group>"; };
		FAD0AEF227E4D6F10093E110 /* TodoCell.swift */ = {isa = PBXFileReference; lastKnownFileType = sourcecode.swift; path = TodoCell.swift; sourceTree = "<group>"; };
		FAD0AEF827E4E21C0093E110 /* Extentions.swift */ = {isa = PBXFileReference; lastKnownFileType = sourcecode.swift; path = Extentions.swift; sourceTree = "<group>"; };
		FAD0AEFA27E515F00093E110 /* CreateTaskController.swift */ = {isa = PBXFileReference; lastKnownFileType = sourcecode.swift; path = CreateTaskController.swift; sourceTree = "<group>"; };
		FAD0AEFD27E59FAE0093E110 /* PostServise.swift */ = {isa = PBXFileReference; lastKnownFileType = sourcecode.swift; path = PostServise.swift; sourceTree = "<group>"; };
/* End PBXFileReference section */

/* Begin PBXFrameworksBuildPhase section */
		FAD0AED427E4B35A0093E110 /* Frameworks */ = {
			isa = PBXFrameworksBuildPhase;
			buildActionMask = 2147483647;
			files = (
				FD189DC3AED34ABC4D7E21C9 /* Pods_Todo_list_with_Firebase.framework in Frameworks */,
			);
			runOnlyForDeploymentPostprocessing = 0;
		};
/* End PBXFrameworksBuildPhase section */

/* Begin PBXGroup section */
		0DCB64421CE534EE7AA5F4CC /* Frameworks */ = {
			isa = PBXGroup;
			children = (
				901AEB12565A6228B5FC69C4 /* Pods_Todo_list_with_Firebase.framework */,
			);
			name = Frameworks;
			sourceTree = "<group>";
		};
		35A00C9614C6F184A6363D6D /* Pods */ = {
			isa = PBXGroup;
			children = (
				8ED8CF3B03453B8BEDA9206D /* Pods-Todo list with Firebase.debug.xcconfig */,
				CFB6207F8C180E79BAD73C22 /* Pods-Todo list with Firebase.release.xcconfig */,
			);
			path = Pods;
			sourceTree = "<group>";
		};
		FAD0AECE27E4B35A0093E110 = {
			isa = PBXGroup;
			children = (
				FAD0AED927E4B35A0093E110 /* Todo list with Firebase */,
				FAD0AED827E4B35A0093E110 /* Products */,
				35A00C9614C6F184A6363D6D /* Pods */,
				0DCB64421CE534EE7AA5F4CC /* Frameworks */,
			);
			sourceTree = "<group>";
		};
		FAD0AED827E4B35A0093E110 /* Products */ = {
			isa = PBXGroup;
			children = (
				FAD0AED727E4B35A0093E110 /* Todo list with Firebase.app */,
			);
			name = Products;
			sourceTree = "<group>";
		};
		FAD0AED927E4B35A0093E110 /* Todo list with Firebase */ = {
			isa = PBXGroup;
			children = (
				FAD0AEFC27E59F980093E110 /* API */,
				FAD0AEF727E4E20A0093E110 /* Utilities */,
				FAD0AEDA27E4B35A0093E110 /* AppDelegate.swift */,
				FAD0AEDC27E4B35A0093E110 /* SceneDelegate.swift */,
				FAD0AEF627E4D7FB0093E110 /* Model */,
				FAD0AEF527E4D7E50093E110 /* View */,
				FAD0AEF427E4D7D10093E110 /* Controllers */,
				FAD0AEE327E4B3600093E110 /* Assets.xcassets */,
				FAD0AEE527E4B3600093E110 /* LaunchScreen.storyboard */,
				FAD0AEE827E4B3600093E110 /* Info.plist */,
				FA69C68C27E63ECF00608578 /* GoogleService-Info.plist */,
			);
			path = "Todo list with Firebase";
			sourceTree = "<group>";
		};
		FAD0AEF427E4D7D10093E110 /* Controllers */ = {
			isa = PBXGroup;
			children = (
				FAD0AEEE27E4CAE00093E110 /* TaskViewController.swift */,
				FAD0AEFA27E515F00093E110 /* CreateTaskController.swift */,
			);
			path = Controllers;
			sourceTree = "<group>";
		};
		FAD0AEF527E4D7E50093E110 /* View */ = {
			isa = PBXGroup;
			children = (
				FAD0AEE027E4B35A0093E110 /* Main.storyboard */,
				FAD0AEF227E4D6F10093E110 /* TodoCell.swift */,
			);
			path = View;
			sourceTree = "<group>";
		};
		FAD0AEF627E4D7FB0093E110 /* Model */ = {
			isa = PBXGroup;
			children = (
			);
			path = Model;
			sourceTree = "<group>";
		};
		FAD0AEF727E4E20A0093E110 /* Utilities */ = {
			isa = PBXGroup;
			children = (
				FAD0AEF827E4E21C0093E110 /* Extentions.swift */,
			);
			path = Utilities;
			sourceTree = "<group>";
		};
		FAD0AEFC27E59F980093E110 /* API */ = {
			isa = PBXGroup;
			children = (
				FAD0AEFD27E59FAE0093E110 /* PostServise.swift */,
			);
			path = API;
			sourceTree = "<group>";
		};
/* End PBXGroup section */

/* Begin PBXNativeTarget section */
		FAD0AED627E4B35A0093E110 /* Todo list with Firebase */ = {
			isa = PBXNativeTarget;
			buildConfigurationList = FAD0AEEB27E4B3600093E110 /* Build configuration list for PBXNativeTarget "Todo list with Firebase" */;
			buildPhases = (
				168D210536253E755FF21858 /* [CP] Check Pods Manifest.lock */,
				FAD0AED327E4B35A0093E110 /* Sources */,
				FAD0AED427E4B35A0093E110 /* Frameworks */,
				FAD0AED527E4B35A0093E110 /* Resources */,
				ED3C4A7346E4ED22F3A9D1A2 /* [CP] Embed Pods Frameworks */,
			);
			buildRules = (
			);
			dependencies = (
			);
			name = "Todo list with Firebase";
			productName = "Todo list with Firebase";
			productReference = FAD0AED727E4B35A0093E110 /* Todo list with Firebase.app */;
			productType = "com.apple.product-type.application";
		};
/* End PBXNativeTarget section */

/* Begin PBXProject section */
		FAD0AECF27E4B35A0093E110 /* Project object */ = {
			isa = PBXProject;
			attributes = {
				BuildIndependentTargetsInParallel = 1;
				LastSwiftUpdateCheck = 1320;
				LastUpgradeCheck = 1320;
				TargetAttributes = {
					FAD0AED627E4B35A0093E110 = {
						CreatedOnToolsVersion = 13.2.1;
					};
				};
			};
			buildConfigurationList = FAD0AED227E4B35A0093E110 /* Build configuration list for PBXProject "Todo list with Firebase" */;
			compatibilityVersion = "Xcode 13.0";
			developmentRegion = en;
			hasScannedForEncodings = 0;
			knownRegions = (
				en,
				Base,
			);
			mainGroup = FAD0AECE27E4B35A0093E110;
			productRefGroup = FAD0AED827E4B35A0093E110 /* Products */;
			projectDirPath = "";
			projectRoot = "";
			targets = (
				FAD0AED627E4B35A0093E110 /* Todo list with Firebase */,
			);
		};
/* End PBXProject section */

/* Begin PBXResourcesBuildPhase section */
		FAD0AED527E4B35A0093E110 /* Resources */ = {
			isa = PBXResourcesBuildPhase;
			buildActionMask = 2147483647;
			files = (
				FAD0AEE727E4B3600093E110 /* LaunchScreen.storyboard in Resources */,
				FA69C68D27E63ECF00608578 /* GoogleService-Info.plist in Resources */,
				FAD0AEE427E4B3600093E110 /* Assets.xcassets in Resources */,
				FAD0AEE227E4B35A0093E110 /* Main.storyboard in Resources */,
			);
			runOnlyForDeploymentPostprocessing = 0;
		};
/* End PBXResourcesBuildPhase section */

/* Begin PBXShellScriptBuildPhase section */
		168D210536253E755FF21858 /* [CP] Check Pods Manifest.lock */ = {
			isa = PBXShellScriptBuildPhase;
			buildActionMask = 2147483647;
			files = (
			);
			inputFileListPaths = (
			);
			inputPaths = (
				"${PODS_PODFILE_DIR_PATH}/Podfile.lock",
				"${PODS_ROOT}/Manifest.lock",
			);
			name = "[CP] Check Pods Manifest.lock";
			outputFileListPaths = (
			);
			outputPaths = (
				"$(DERIVED_FILE_DIR)/Pods-Todo list with Firebase-checkManifestLockResult.txt",
			);
			runOnlyForDeploymentPostprocessing = 0;
			shellPath = /bin/sh;
			shellScript = "diff \"${PODS_PODFILE_DIR_PATH}/Podfile.lock\" \"${PODS_ROOT}/Manifest.lock\" > /dev/null\nif [ $? != 0 ] ; then\n    # print error to STDERR\n    echo \"error: The sandbox is not in sync with the Podfile.lock. Run 'pod install' or update your CocoaPods installation.\" >&2\n    exit 1\nfi\n# This output is used by Xcode 'outputs' to avoid re-running this script phase.\necho \"SUCCESS\" > \"${SCRIPT_OUTPUT_FILE_0}\"\n";
			showEnvVarsInLog = 0;
		};
		ED3C4A7346E4ED22F3A9D1A2 /* [CP] Embed Pods Frameworks */ = {
			isa = PBXShellScriptBuildPhase;
			buildActionMask = 2147483647;
			files = (
			);
			inputFileListPaths = (
				"${PODS_ROOT}/Target Support Files/Pods-Todo list with Firebase/Pods-Todo list with Firebase-frameworks-${CONFIGURATION}-input-files.xcfilelist",
			);
			name = "[CP] Embed Pods Frameworks";
			outputFileListPaths = (
				"${PODS_ROOT}/Target Support Files/Pods-Todo list with Firebase/Pods-Todo list with Firebase-frameworks-${CONFIGURATION}-output-files.xcfilelist",
			);
			runOnlyForDeploymentPostprocessing = 0;
			shellPath = /bin/sh;
			shellScript = "\"${PODS_ROOT}/Target Support Files/Pods-Todo list with Firebase/Pods-Todo list with Firebase-frameworks.sh\"\n";
			showEnvVarsInLog = 0;
		};
/* End PBXShellScriptBuildPhase section */

/* Begin PBXSourcesBuildPhase section */
		FAD0AED327E4B35A0093E110 /* Sources */ = {
			isa = PBXSourcesBuildPhase;
			buildActionMask = 2147483647;
			files = (
				FAD0AEFE27E59FAE0093E110 /* PostServise.swift in Sources */,
				FAD0AEFB27E515F00093E110 /* CreateTaskController.swift in Sources */,
				FAD0AEDB27E4B35A0093E110 /* AppDelegate.swift in Sources */,
				FAD0AEDD27E4B35A0093E110 /* SceneDelegate.swift in Sources */,
				FAD0AEF927E4E21C0093E110 /* Extentions.swift in Sources */,
				FAD0AEEF27E4CAE00093E110 /* TaskViewController.swift in Sources */,
				FAD0AEF327E4D6F10093E110 /* TodoCell.swift in Sources */,
			);
			runOnlyForDeploymentPostprocessing = 0;
		};
/* End PBXSourcesBuildPhase section */

/* Begin PBXVariantGroup section */
		FAD0AEE027E4B35A0093E110 /* Main.storyboard */ = {
			isa = PBXVariantGroup;
			children = (
				FAD0AEE127E4B35A0093E110 /* Base */,
			);
			name = Main.storyboard;
			sourceTree = "<group>";
		};
		FAD0AEE527E4B3600093E110 /* LaunchScreen.storyboard */ = {
			isa = PBXVariantGroup;
			children = (
				FAD0AEE627E4B3600093E110 /* Base */,
			);
			name = LaunchScreen.storyboard;
			sourceTree = "<group>";
		};
/* End PBXVariantGroup section */

/* Begin XCBuildConfiguration section */
		FAD0AEE927E4B3600093E110 /* Debug */ = {
			isa = XCBuildConfiguration;
			buildSettings = {
				ALWAYS_SEARCH_USER_PATHS = NO;
				CLANG_ANALYZER_NONNULL = YES;
				CLANG_ANALYZER_NUMBER_OBJECT_CONVERSION = YES_AGGRESSIVE;
				CLANG_CXX_LANGUAGE_STANDARD = "gnu++17";
				CLANG_CXX_LIBRARY = "libc++";
				CLANG_ENABLE_MODULES = YES;
				CLANG_ENABLE_OBJC_ARC = YES;
				CLANG_ENABLE_OBJC_WEAK = YES;
				CLANG_WARN_BLOCK_CAPTURE_AUTORELEASING = YES;
				CLANG_WARN_BOOL_CONVERSION = YES;
				CLANG_WARN_COMMA = YES;
				CLANG_WARN_CONSTANT_CONVERSION = YES;
				CLANG_WARN_DEPRECATED_OBJC_IMPLEMENTATIONS = YES;
				CLANG_WARN_DIRECT_OBJC_ISA_USAGE = YES_ERROR;
				CLANG_WARN_DOCUMENTATION_COMMENTS = YES;
				CLANG_WARN_EMPTY_BODY = YES;
				CLANG_WARN_ENUM_CONVERSION = YES;
				CLANG_WARN_INFINITE_RECURSION = YES;
				CLANG_WARN_INT_CONVERSION = YES;
				CLANG_WARN_NON_LITERAL_NULL_CONVERSION = YES;
				CLANG_WARN_OBJC_IMPLICIT_RETAIN_SELF = YES;
				CLANG_WARN_OBJC_LITERAL_CONVERSION = YES;
				CLANG_WARN_OBJC_ROOT_CLASS = YES_ERROR;
				CLANG_WARN_QUOTED_INCLUDE_IN_FRAMEWORK_HEADER = YES;
				CLANG_WARN_RANGE_LOOP_ANALYSIS = YES;
				CLANG_WARN_STRICT_PROTOTYPES = YES;
				CLANG_WARN_SUSPICIOUS_MOVE = YES;
				CLANG_WARN_UNGUARDED_AVAILABILITY = YES_AGGRESSIVE;
				CLANG_WARN_UNREACHABLE_CODE = YES;
				CLANG_WARN__DUPLICATE_METHOD_MATCH = YES;
				COPY_PHASE_STRIP = NO;
				DEBUG_INFORMATION_FORMAT = dwarf;
				ENABLE_STRICT_OBJC_MSGSEND = YES;
				ENABLE_TESTABILITY = YES;
				GCC_C_LANGUAGE_STANDARD = gnu11;
				GCC_DYNAMIC_NO_PIC = NO;
				GCC_NO_COMMON_BLOCKS = YES;
				GCC_OPTIMIZATION_LEVEL = 0;
				GCC_PREPROCESSOR_DEFINITIONS = (
					"DEBUG=1",
					"$(inherited)",
				);
				GCC_WARN_64_TO_32_BIT_CONVERSION = YES;
				GCC_WARN_ABOUT_RETURN_TYPE = YES_ERROR;
				GCC_WARN_UNDECLARED_SELECTOR = YES;
				GCC_WARN_UNINITIALIZED_AUTOS = YES_AGGRESSIVE;
				GCC_WARN_UNUSED_FUNCTION = YES;
				GCC_WARN_UNUSED_VARIABLE = YES;
				IPHONEOS_DEPLOYMENT_TARGET = 15.2;
				MTL_ENABLE_DEBUG_INFO = INCLUDE_SOURCE;
				MTL_FAST_MATH = YES;
				ONLY_ACTIVE_ARCH = YES;
				SDKROOT = iphoneos;
				SWIFT_ACTIVE_COMPILATION_CONDITIONS = DEBUG;
				SWIFT_OPTIMIZATION_LEVEL = "-Onone";
			};
			name = Debug;
		};
		FAD0AEEA27E4B3600093E110 /* Release */ = {
			isa = XCBuildConfiguration;
			buildSettings = {
				ALWAYS_SEARCH_USER_PATHS = NO;
				CLANG_ANALYZER_NONNULL = YES;
				CLANG_ANALYZER_NUMBER_OBJECT_CONVERSION = YES_AGGRESSIVE;
				CLANG_CXX_LANGUAGE_STANDARD = "gnu++17";
				CLANG_CXX_LIBRARY = "libc++";
				CLANG_ENABLE_MODULES = YES;
				CLANG_ENABLE_OBJC_ARC = YES;
				CLANG_ENABLE_OBJC_WEAK = YES;
				CLANG_WARN_BLOCK_CAPTURE_AUTORELEASING = YES;
				CLANG_WARN_BOOL_CONVERSION = YES;
				CLANG_WARN_COMMA = YES;
				CLANG_WARN_CONSTANT_CONVERSION = YES;
				CLANG_WARN_DEPRECATED_OBJC_IMPLEMENTATIONS = YES;
				CLANG_WARN_DIRECT_OBJC_ISA_USAGE = YES_ERROR;
				CLANG_WARN_DOCUMENTATION_COMMENTS = YES;
				CLANG_WARN_EMPTY_BODY = YES;
				CLANG_WARN_ENUM_CONVERSION = YES;
				CLANG_WARN_INFINITE_RECURSION = YES;
				CLANG_WARN_INT_CONVERSION = YES;
				CLANG_WARN_NON_LITERAL_NULL_CONVERSION = YES;
				CLANG_WARN_OBJC_IMPLICIT_RETAIN_SELF = YES;
				CLANG_WARN_OBJC_LITERAL_CONVERSION = YES;
				CLANG_WARN_OBJC_ROOT_CLASS = YES_ERROR;
				CLANG_WARN_QUOTED_INCLUDE_IN_FRAMEWORK_HEADER = YES;
				CLANG_WARN_RANGE_LOOP_ANALYSIS = YES;
				CLANG_WARN_STRICT_PROTOTYPES = YES;
				CLANG_WARN_SUSPICIOUS_MOVE = YES;
				CLANG_WARN_UNGUARDED_AVAILABILITY = YES_AGGRESSIVE;
				CLANG_WARN_UNREACHABLE_CODE = YES;
				CLANG_WARN__DUPLICATE_METHOD_MATCH = YES;
				COPY_PHASE_STRIP = NO;
				DEBUG_INFORMATION_FORMAT = "dwarf-with-dsym";
				ENABLE_NS_ASSERTIONS = NO;
				ENABLE_STRICT_OBJC_MSGSEND = YES;
				GCC_C_LANGUAGE_STANDARD = gnu11;
				GCC_NO_COMMON_BLOCKS = YES;
				GCC_WARN_64_TO_32_BIT_CONVERSION = YES;
				GCC_WARN_ABOUT_RETURN_TYPE = YES_ERROR;
				GCC_WARN_UNDECLARED_SELECTOR = YES;
				GCC_WARN_UNINITIALIZED_AUTOS = YES_AGGRESSIVE;
				GCC_WARN_UNUSED_FUNCTION = YES;
				GCC_WARN_UNUSED_VARIABLE = YES;
				IPHONEOS_DEPLOYMENT_TARGET = 15.2;
				MTL_ENABLE_DEBUG_INFO = NO;
				MTL_FAST_MATH = YES;
				SDKROOT = iphoneos;
				SWIFT_COMPILATION_MODE = wholemodule;
				SWIFT_OPTIMIZATION_LEVEL = "-O";
				VALIDATE_PRODUCT = YES;
			};
			name = Release;
		};
		FAD0AEEC27E4B3600093E110 /* Debug */ = {
			isa = XCBuildConfiguration;
			baseConfigurationReference = 8ED8CF3B03453B8BEDA9206D /* Pods-Todo list with Firebase.debug.xcconfig */;
			buildSettings = {
				ASSETCATALOG_COMPILER_APPICON_NAME = AppIcon;
				ASSETCATALOG_COMPILER_GLOBAL_ACCENT_COLOR_NAME = AccentColor;
				CODE_SIGN_STYLE = Automatic;
				CURRENT_PROJECT_VERSION = 1;
				DEVELOPMENT_TEAM = L52Y2D4NQN;
				GENERATE_INFOPLIST_FILE = YES;
				INFOPLIST_FILE = "Todo list with Firebase/Info.plist";
				INFOPLIST_KEY_UIApplicationSupportsIndirectInputEvents = YES;
				INFOPLIST_KEY_UILaunchStoryboardName = LaunchScreen;
				INFOPLIST_KEY_UIMainStoryboardFile = Main;
				INFOPLIST_KEY_UISupportedInterfaceOrientations_iPad = "UIInterfaceOrientationPortrait UIInterfaceOrientationPortraitUpsideDown UIInterfaceOrientationLandscapeLeft UIInterfaceOrientationLandscapeRight";
				INFOPLIST_KEY_UISupportedInterfaceOrientations_iPhone = "UIInterfaceOrientationPortrait UIInterfaceOrientationLandscapeLeft UIInterfaceOrientationLandscapeRight";
				LD_RUNPATH_SEARCH_PATHS = (
					"$(inherited)",
					"@executable_path/Frameworks",
				);
				MARKETING_VERSION = 1.0;
				PRODUCT_BUNDLE_IDENTIFIER = "com.tenevg.Todo-list-with-Firebase";
				PRODUCT_NAME = "$(TARGET_NAME)";
				SWIFT_EMIT_LOC_STRINGS = YES;
				SWIFT_VERSION = 5.0;
				TARGETED_DEVICE_FAMILY = 1;
			};
			name = Debug;
		};
		FAD0AEED27E4B3600093E110 /* Release */ = {
			isa = XCBuildConfiguration;
			baseConfigurationReference = CFB6207F8C180E79BAD73C22 /* Pods-Todo list with Firebase.release.xcconfig */;
			buildSettings = {
				ASSETCATALOG_COMPILER_APPICON_NAME = AppIcon;
				ASSETCATALOG_COMPILER_GLOBAL_ACCENT_COLOR_NAME = AccentColor;
				CODE_SIGN_STYLE = Automatic;
				CURRENT_PROJECT_VERSION = 1;
				DEVELOPMENT_TEAM = L52Y2D4NQN;
				GENERATE_INFOPLIST_FILE = YES;
				INFOPLIST_FILE = "Todo list with Firebase/Info.plist";
				INFOPLIST_KEY_UIApplicationSupportsIndirectInputEvents = YES;
				INFOPLIST_KEY_UILaunchStoryboardName = LaunchScreen;
				INFOPLIST_KEY_UIMainStoryboardFile = Main;
				INFOPLIST_KEY_UISupportedInterfaceOrientations_iPad = "UIInterfaceOrientationPortrait UIInterfaceOrientationPortraitUpsideDown UIInterfaceOrientationLandscapeLeft UIInterfaceOrientationLandscapeRight";
				INFOPLIST_KEY_UISupportedInterfaceOrientations_iPhone = "UIInterfaceOrientationPortrait UIInterfaceOrientationLandscapeLeft UIInterfaceOrientationLandscapeRight";
				LD_RUNPATH_SEARCH_PATHS = (
					"$(inherited)",
					"@executable_path/Frameworks",
				);
				MARKETING_VERSION = 1.0;
				PRODUCT_BUNDLE_IDENTIFIER = "com.tenevg.Todo-list-with-Firebase";
				PRODUCT_NAME = "$(TARGET_NAME)";
				SWIFT_EMIT_LOC_STRINGS = YES;
				SWIFT_VERSION = 5.0;
				TARGETED_DEVICE_FAMILY = 1;
			};
			name = Release;
		};
/* End XCBuildConfiguration section */

/* Begin XCConfigurationList section */
		FAD0AED227E4B35A0093E110 /* Build configuration list for PBXProject "Todo list with Firebase" */ = {
			isa = XCConfigurationList;
			buildConfigurations = (
				FAD0AEE927E4B3600093E110 /* Debug */,
				FAD0AEEA27E4B3600093E110 /* Release */,
			);
			defaultConfigurationIsVisible = 0;
			defaultConfigurationName = Release;
		};
		FAD0AEEB27E4B3600093E110 /* Build configuration list for PBXNativeTarget "Todo list with Firebase" */ = {
			isa = XCConfigurationList;
			buildConfigurations = (
				FAD0AEEC27E4B3600093E110 /* Debug */,
				FAD0AEED27E4B3600093E110 /* Release */,
			);
			defaultConfigurationIsVisible = 0;
			defaultConfigurationName = Release;
		};
/* End XCConfigurationList section */
	};
	rootObject = FAD0AECF27E4B35A0093E110 /* Project object */;
}
